
Microsoft Visual Studio Solution File, Format Version 12.00
# Visual Studio Version 16
VisualStudioVersion = 16.0.29806.167
MinimumVisualStudioVersion = 10.0.40219.1
Project("{888888A0-9F3D-457C-B088-3A5042F75D52}") = "練習", "練習\練習.pyproj", "{1BD7C4C0-A150-478B-A59C-6CFDDBF295B2}"
EndProject
Global
	GlobalSection(SolutionConfigurationPlatforms) = preSolution
		Debug|Any CPU = Debug|Any CPU
		Release|Any CPU = Release|Any CPU
	EndGlobalSection
	GlobalSection(ProjectConfigurationPlatforms) = postSolution
		{1BD7C4C0-A150-478B-A59C-6CFDDBF295B2}.Debug|Any CPU.ActiveCfg = Debug|Any CPU
		{1BD7C4C0-A150-478B-A59C-6CFDDBF295B2}.Release|Any CPU.ActiveCfg = Release|Any CPU
	EndGlobalSection
	GlobalSection(SolutionProperties) = preSolution
		HideSolutionNode = FALSE
	EndGlobalSection
	GlobalSection(ExtensibilityGlobals) = postSolution
		SolutionGuid = {BC4E7D41-45FF-475F-B619-F2F61BC892EE}
	EndGlobalSection
EndGlobal
